
Microsoft Visual Studio Solution File, Format Version 12.00
# Visual Studio Version 17
VisualStudioVersion = 17.7.34031.279
MinimumVisualStudioVersion = 10.0.40219.1
Project("{FAE04EC0-301F-11D3-BF4B-00C04F79EFBC}") = "TiposdeDatos", "TiposdeDatos\TiposdeDatos.csproj", "{1A4A2BDE-21A0-4393-B3AB-D9F3C0E6A95D}"
EndProject
Global
	GlobalSection(SolutionConfigurationPlatforms) = preSolution
		Debug|Any CPU = Debug|Any CPU
		Release|Any CPU = Release|Any CPU
	EndGlobalSection
	GlobalSection(ProjectConfigurationPlatforms) = postSolution
		{1A4A2BDE-21A0-4393-B3AB-D9F3C0E6A95D}.Debug|Any CPU.ActiveCfg = Debug|Any CPU
		{1A4A2BDE-21A0-4393-B3AB-D9F3C0E6A95D}.Debug|Any CPU.Build.0 = Debug|Any CPU
		{1A4A2BDE-21A0-4393-B3AB-D9F3C0E6A95D}.Release|Any CPU.ActiveCfg = Release|Any CPU
		{1A4A2BDE-21A0-4393-B3AB-D9F3C0E6A95D}.Release|Any CPU.Build.0 = Release|Any CPU
	EndGlobalSection
	GlobalSection(SolutionProperties) = preSolution
		HideSolutionNode = FALSE
	EndGlobalSection
	GlobalSection(ExtensibilityGlobals) = postSolution
		SolutionGuid = {41B5EC44-2E41-4CCC-AC6D-85282E49363A}
	EndGlobalSection
EndGlobal
